// !$*UTF8*$!
{
	archiveVersion = 1;
	classes = {
	};
	objectVersion = 50;
	objects = {

/* Begin PBXBuildFile section */
		CF5FC2D1228332B100787B38 /* AppDelegate.swift in Sources */ = {isa = PBXBuildFile; fileRef = CF5FC2D0228332B100787B38 /* AppDelegate.swift */; };
		CF5FC2D6228332B100787B38 /* Main.storyboard in Resources */ = {isa = PBXBuildFile; fileRef = CF5FC2D4228332B100787B38 /* Main.storyboard */; };
		CF5FC2D8228332B300787B38 /* Assets.xcassets in Resources */ = {isa = PBXBuildFile; fileRef = CF5FC2D7228332B300787B38 /* Assets.xcassets */; };
		CF5FC2DB228332B300787B38 /* LaunchScreen.storyboard in Resources */ = {isa = PBXBuildFile; fileRef = CF5FC2D9228332B300787B38 /* LaunchScreen.storyboard */; };
		CF5FC2E32283445600787B38 /* HomeViewController.swift in Sources */ = {isa = PBXBuildFile; fileRef = CF5FC2E22283445600787B38 /* HomeViewController.swift */; };
		CF5FC2E52283447900787B38 /* PlayVideoViewController.swift in Sources */ = {isa = PBXBuildFile; fileRef = CF5FC2E42283447900787B38 /* PlayVideoViewController.swift */; };
		CF5FC2E72283448F00787B38 /* RecordVideoViewController.swift in Sources */ = {isa = PBXBuildFile; fileRef = CF5FC2E62283448F00787B38 /* RecordVideoViewController.swift */; };
		CF5FC2E9228344A600787B38 /* ConvertVideoViewController.swift in Sources */ = {isa = PBXBuildFile; fileRef = CF5FC2E8228344A600787B38 /* ConvertVideoViewController.swift */; };
		CF5FC2EB2283487B00787B38 /* VideoHelper.swift in Sources */ = {isa = PBXBuildFile; fileRef = CF5FC2EA2283487B00787B38 /* VideoHelper.swift */; };
/* End PBXBuildFile section */

/* Begin PBXFileReference section */
		CF5FC2CD228332B100787B38 /* VideoTests.app */ = {isa = PBXFileReference; explicitFileType = wrapper.application; includeInIndex = 0; path = VideoTests.app; sourceTree = BUILT_PRODUCTS_DIR; };
		CF5FC2D0228332B100787B38 /* AppDelegate.swift */ = {isa = PBXFileReference; lastKnownFileType = sourcecode.swift; path = AppDelegate.swift; sourceTree = "<group>"; };
		CF5FC2D5228332B100787B38 /* Base */ = {isa = PBXFileReference; lastKnownFileType = file.storyboard; name = Base; path = Base.lproj/Main.storyboard; sourceTree = "<group>"; };
		CF5FC2D7228332B300787B38 /* Assets.xcassets */ = {isa = PBXFileReference; lastKnownFileType = folder.assetcatalog; path = Assets.xcassets; sourceTree = "<group>"; };
		CF5FC2DA228332B300787B38 /* Base */ = {isa = PBXFileReference; lastKnownFileType = file.storyboard; name = Base; path = Base.lproj/LaunchScreen.storyboard; sourceTree = "<group>"; };
		CF5FC2DC228332B300787B38 /* Info.plist */ = {isa = PBXFileReference; lastKnownFileType = text.plist.xml; path = Info.plist; sourceTree = "<group>"; };
		CF5FC2E22283445600787B38 /* HomeViewController.swift */ = {isa = PBXFileReference; lastKnownFileType = sourcecode.swift; path = HomeViewController.swift; sourceTree = "<group>"; };
		CF5FC2E42283447900787B38 /* PlayVideoViewController.swift */ = {isa = PBXFileReference; lastKnownFileType = sourcecode.swift; path = PlayVideoViewController.swift; sourceTree = "<group>"; };
		CF5FC2E62283448F00787B38 /* RecordVideoViewController.swift */ = {isa = PBXFileReference; lastKnownFileType = sourcecode.swift; path = RecordVideoViewController.swift; sourceTree = "<group>"; };
		CF5FC2E8228344A600787B38 /* ConvertVideoViewController.swift */ = {isa = PBXFileReference; lastKnownFileType = sourcecode.swift; path = ConvertVideoViewController.swift; sourceTree = "<group>"; };
		CF5FC2EA2283487B00787B38 /* VideoHelper.swift */ = {isa = PBXFileReference; lastKnownFileType = sourcecode.swift; path = VideoHelper.swift; sourceTree = "<group>"; };
/* End PBXFileReference section */

/* Begin PBXFrameworksBuildPhase section */
		CF5FC2CA228332B100787B38 /* Frameworks */ = {
			isa = PBXFrameworksBuildPhase;
			buildActionMask = 2147483647;
			files = (
			);
			runOnlyForDeploymentPostprocessing = 0;
		};
/* End PBXFrameworksBuildPhase section */

/* Begin PBXGroup section */
		CF5FC2C4228332B100787B38 = {
			isa = PBXGroup;
			children = (
				CF5FC2CF228332B100787B38 /* VideoTests */,
				CF5FC2CE228332B100787B38 /* Products */,
			);
			sourceTree = "<group>";
		};
		CF5FC2CE228332B100787B38 /* Products */ = {
			isa = PBXGroup;
			children = (
				CF5FC2CD228332B100787B38 /* VideoTests.app */,
			);
			name = Products;
			sourceTree = "<group>";
		};
		CF5FC2CF228332B100787B38 /* VideoTests */ = {
			isa = PBXGroup;
			children = (
				CF5FC2D0228332B100787B38 /* AppDelegate.swift */,
				CF5FC2E22283445600787B38 /* HomeViewController.swift */,
				CF5FC2E42283447900787B38 /* PlayVideoViewController.swift */,
				CF5FC2E8228344A600787B38 /* ConvertVideoViewController.swift */,
				CF5FC2E62283448F00787B38 /* RecordVideoViewController.swift */,
				CF5FC2D4228332B100787B38 /* Main.storyboard */,
				CF5FC2D7228332B300787B38 /* Assets.xcassets */,
				CF5FC2D9228332B300787B38 /* LaunchScreen.storyboard */,
				CF5FC2DC228332B300787B38 /* Info.plist */,
				CF5FC2EA2283487B00787B38 /* VideoHelper.swift */,
			);
			path = VideoTests;
			sourceTree = "<group>";
		};
/* End PBXGroup section */

/* Begin PBXNativeTarget section */
		CF5FC2CC228332B100787B38 /* VideoTests */ = {
			isa = PBXNativeTarget;
			buildConfigurationList = CF5FC2DF228332B300787B38 /* Build configuration list for PBXNativeTarget "VideoTests" */;
			buildPhases = (
				CF5FC2C9228332B100787B38 /* Sources */,
				CF5FC2CA228332B100787B38 /* Frameworks */,
				CF5FC2CB228332B100787B38 /* Resources */,
			);
			buildRules = (
			);
			dependencies = (
			);
			name = VideoTests;
			productName = VideoTests;
			productReference = CF5FC2CD228332B100787B38 /* VideoTests.app */;
			productType = "com.apple.product-type.application";
		};
/* End PBXNativeTarget section */

/* Begin PBXProject section */
		CF5FC2C5228332B100787B38 /* Project object */ = {
			isa = PBXProject;
			attributes = {
				LastSwiftUpdateCheck = 1020;
				LastUpgradeCheck = 1020;
				ORGANIZATIONNAME = pedrosa.pro;
				TargetAttributes = {
					CF5FC2CC228332B100787B38 = {
						CreatedOnToolsVersion = 10.2.1;
					};
				};
			};
			buildConfigurationList = CF5FC2C8228332B100787B38 /* Build configuration list for PBXProject "VideoTests" */;
			compatibilityVersion = "Xcode 9.3";
			developmentRegion = en;
			hasScannedForEncodings = 0;
			knownRegions = (
				en,
				Base,
			);
			mainGroup = CF5FC2C4228332B100787B38;
			productRefGroup = CF5FC2CE228332B100787B38 /* Products */;
			projectDirPath = "";
			projectRoot = "";
			targets = (
				CF5FC2CC228332B100787B38 /* VideoTests */,
			);
		};
/* End PBXProject section */

/* Begin PBXResourcesBuildPhase section */
		CF5FC2CB228332B100787B38 /* Resources */ = {
			isa = PBXResourcesBuildPhase;
			buildActionMask = 2147483647;
			files = (
				CF5FC2DB228332B300787B38 /* LaunchScreen.storyboard in Resources */,
				CF5FC2D8228332B300787B38 /* Assets.xcassets in Resources */,
				CF5FC2D6228332B100787B38 /* Main.storyboard in Resources */,
			);
			runOnlyForDeploymentPostprocessing = 0;
		};
/* End PBXResourcesBuildPhase section */

/* Begin PBXSourcesBuildPhase section */
		CF5FC2C9228332B100787B38 /* Sources */ = {
			isa = PBXSourcesBuildPhase;
			buildActionMask = 2147483647;
			files = (
				CF5FC2D1228332B100787B38 /* AppDelegate.swift in Sources */,
				CF5FC2E9228344A600787B38 /* ConvertVideoViewController.swift in Sources */,
				CF5FC2E32283445600787B38 /* HomeViewController.swift in Sources */,
				CF5FC2EB2283487B00787B38 /* VideoHelper.swift in Sources */,
				CF5FC2E52283447900787B38 /* PlayVideoViewController.swift in Sources */,
				CF5FC2E72283448F00787B38 /* RecordVideoViewController.swift in Sources */,
			);
			runOnlyForDeploymentPostprocessing = 0;
		};
/* End PBXSourcesBuildPhase section */

/* Begin PBXVariantGroup section */
		CF5FC2D4228332B100787B38 /* Main.storyboard */ = {
			isa = PBXVariantGroup;
			children = (
				CF5FC2D5228332B100787B38 /* Base */,
			);
			name = Main.storyboard;
			sourceTree = "<group>";
		};
		CF5FC2D9228332B300787B38 /* LaunchScreen.storyboard */ = {
			isa = PBXVariantGroup;
			children = (
				CF5FC2DA228332B300787B38 /* Base */,
			);
			name = LaunchScreen.storyboard;
			sourceTree = "<group>";
		};
/* End PBXVariantGroup section */

/* Begin XCBuildConfiguration section */
		CF5FC2DD228332B300787B38 /* Debug */ = {
			isa = XCBuildConfiguration;
			buildSettings = {
				ALWAYS_SEARCH_USER_PATHS = NO;
				CLANG_ANALYZER_NONNULL = YES;
				CLANG_ANALYZER_NUMBER_OBJECT_CONVERSION = YES_AGGRESSIVE;
				CLANG_CXX_LANGUAGE_STANDARD = "gnu++14";
				CLANG_CXX_LIBRARY = "libc++";
				CLANG_ENABLE_MODULES = YES;
				CLANG_ENABLE_OBJC_ARC = YES;
				CLANG_ENABLE_OBJC_WEAK = YES;
				CLANG_WARN_BLOCK_CAPTURE_AUTORELEASING = YES;
				CLANG_WARN_BOOL_CONVERSION = YES;
				CLANG_WARN_COMMA = YES;
				CLANG_WARN_CONSTANT_CONVERSION = YES;
				CLANG_WARN_DEPRECATED_OBJC_IMPLEMENTATIONS = YES;
				CLANG_WARN_DIRECT_OBJC_ISA_USAGE = YES_ERROR;
				CLANG_WARN_DOCUMENTATION_COMMENTS = YES;
				CLANG_WARN_EMPTY_BODY = YES;
				CLANG_WARN_ENUM_CONVERSION = YES;
				CLANG_WARN_INFINITE_RECURSION = YES;
				CLANG_WARN_INT_CONVERSION = YES;
				CLANG_WARN_NON_LITERAL_NULL_CONVERSION = YES;
				CLANG_WARN_OBJC_IMPLICIT_RETAIN_SELF = YES;
				CLANG_WARN_OBJC_LITERAL_CONVERSION = YES;
				CLANG_WARN_OBJC_ROOT_CLASS = YES_ERROR;
				CLANG_WARN_RANGE_LOOP_ANALYSIS = YES;
				CLANG_WARN_STRICT_PROTOTYPES = YES;
				CLANG_WARN_SUSPICIOUS_MOVE = YES;
				CLANG_WARN_UNGUARDED_AVAILABILITY = YES_AGGRESSIVE;
				CLANG_WARN_UNREACHABLE_CODE = YES;
				CLANG_WARN__DUPLICATE_METHOD_MATCH = YES;
				CODE_SIGN_IDENTITY = "iPhone Developer";
				COPY_PHASE_STRIP = NO;
				DEBUG_INFORMATION_FORMAT = dwarf;
				ENABLE_STRICT_OBJC_MSGSEND = YES;
				ENABLE_TESTABILITY = YES;
				GCC_C_LANGUAGE_STANDARD = gnu11;
				GCC_DYNAMIC_NO_PIC = NO;
				GCC_NO_COMMON_BLOCKS = YES;
				GCC_OPTIMIZATION_LEVEL = 0;
				GCC_PREPROCESSOR_DEFINITIONS = (
					"DEBUG=1",
					"$(inherited)",
				);
				GCC_WARN_64_TO_32_BIT_CONVERSION = YES;
				GCC_WARN_ABOUT_RETURN_TYPE = YES_ERROR;
				GCC_WARN_UNDECLARED_SELECTOR = YES;
				GCC_WARN_UNINITIALIZED_AUTOS = YES_AGGRESSIVE;
				GCC_WARN_UNUSED_FUNCTION = YES;
				GCC_WARN_UNUSED_VARIABLE = YES;
				IPHONEOS_DEPLOYMENT_TARGET = 12.2;
				MTL_ENABLE_DEBUG_INFO = INCLUDE_SOURCE;
				MTL_FAST_MATH = YES;
				ONLY_ACTIVE_ARCH = YES;
				SDKROOT = iphoneos;
				SWIFT_ACTIVE_COMPILATION_CONDITIONS = DEBUG;
				SWIFT_OPTIMIZATION_LEVEL = "-Onone";
			};
			name = Debug;
		};
		CF5FC2DE228332B300787B38 /* Release */ = {
			isa = XCBuildConfiguration;
			buildSettings = {
				ALWAYS_SEARCH_USER_PATHS = NO;
				CLANG_ANALYZER_NONNULL = YES;
				CLANG_ANALYZER_NUMBER_OBJECT_CONVERSION = YES_AGGRESSIVE;
				CLANG_CXX_LANGUAGE_STANDARD = "gnu++14";
				CLANG_CXX_LIBRARY = "libc++";
				CLANG_ENABLE_MODULES = YES;
				CLANG_ENABLE_OBJC_ARC = YES;
				CLANG_ENABLE_OBJC_WEAK = YES;
				CLANG_WARN_BLOCK_CAPTURE_AUTORELEASING = YES;
				CLANG_WARN_BOOL_CONVERSION = YES;
				CLANG_WARN_COMMA = YES;
				CLANG_WARN_CONSTANT_CONVERSION = YES;
				CLANG_WARN_DEPRECATED_OBJC_IMPLEMENTATIONS = YES;
				CLANG_WARN_DIRECT_OBJC_ISA_USAGE = YES_ERROR;
				CLANG_WARN_DOCUMENTATION_COMMENTS = YES;
				CLANG_WARN_EMPTY_BODY = YES;
				CLANG_WARN_ENUM_CONVERSION = YES;
				CLANG_WARN_INFINITE_RECURSION = YES;
				CLANG_WARN_INT_CONVERSION = YES;
				CLANG_WARN_NON_LITERAL_NULL_CONVERSION = YES;
				CLANG_WARN_OBJC_IMPLICIT_RETAIN_SELF = YES;
				CLANG_WARN_OBJC_LITERAL_CONVERSION = YES;
				CLANG_WARN_OBJC_ROOT_CLASS = YES_ERROR;
				CLANG_WARN_RANGE_LOOP_ANALYSIS = YES;
				CLANG_WARN_STRICT_PROTOTYPES = YES;
				CLANG_WARN_SUSPICIOUS_MOVE = YES;
				CLANG_WARN_UNGUARDED_AVAILABILITY = YES_AGGRESSIVE;
				CLANG_WARN_UNREACHABLE_CODE = YES;
				CLANG_WARN__DUPLICATE_METHOD_MATCH = YES;
				CODE_SIGN_IDENTITY = "iPhone Developer";
				COPY_PHASE_STRIP = NO;
				DEBUG_INFORMATION_FORMAT = "dwarf-with-dsym";
				ENABLE_NS_ASSERTIONS = NO;
				ENABLE_STRICT_OBJC_MSGSEND = YES;
				GCC_C_LANGUAGE_STANDARD = gnu11;
				GCC_NO_COMMON_BLOCKS = YES;
				GCC_WARN_64_TO_32_BIT_CONVERSION = YES;
				GCC_WARN_ABOUT_RETURN_TYPE = YES_ERROR;
				GCC_WARN_UNDECLARED_SELECTOR = YES;
				GCC_WARN_UNINITIALIZED_AUTOS = YES_AGGRESSIVE;
				GCC_WARN_UNUSED_FUNCTION = YES;
				GCC_WARN_UNUSED_VARIABLE = YES;
				IPHONEOS_DEPLOYMENT_TARGET = 12.2;
				MTL_ENABLE_DEBUG_INFO = NO;
				MTL_FAST_MATH = YES;
				SDKROOT = iphoneos;
				SWIFT_COMPILATION_MODE = wholemodule;
				SWIFT_OPTIMIZATION_LEVEL = "-O";
				VALIDATE_PRODUCT = YES;
			};
			name = Release;
		};
		CF5FC2E0228332B300787B38 /* Debug */ = {
			isa = XCBuildConfiguration;
			buildSettings = {
				ASSETCATALOG_COMPILER_APPICON_NAME = AppIcon;
				CODE_SIGN_STYLE = Automatic;
				DEVELOPMENT_TEAM = 2DSC2P3NCP;
				INFOPLIST_FILE = VideoTests/Info.plist;
				LD_RUNPATH_SEARCH_PATHS = (
					"$(inherited)",
					"@executable_path/Frameworks",
				);
				PRODUCT_BUNDLE_IDENTIFIER = pro.pedrosa.VideoTests;
				PRODUCT_NAME = "$(TARGET_NAME)";
				SWIFT_VERSION = 5.0;
				TARGETED_DEVICE_FAMILY = "1,2";
			};
			name = Debug;
		};
		CF5FC2E1228332B300787B38 /* Release */ = {
			isa = XCBuildConfiguration;
			buildSettings = {
				ASSETCATALOG_COMPILER_APPICON_NAME = AppIcon;
				CODE_SIGN_STYLE = Automatic;
				DEVELOPMENT_TEAM = 2DSC2P3NCP;
				INFOPLIST_FILE = VideoTests/Info.plist;
				LD_RUNPATH_SEARCH_PATHS = (
					"$(inherited)",
					"@executable_path/Frameworks",
				);
				PRODUCT_BUNDLE_IDENTIFIER = pro.pedrosa.VideoTests;
				PRODUCT_NAME = "$(TARGET_NAME)";
				SWIFT_VERSION = 5.0;
				TARGETED_DEVICE_FAMILY = "1,2";
			};
			name = Release;
		};
/* End XCBuildConfiguration section */

/* Begin XCConfigurationList section */
		CF5FC2C8228332B100787B38 /* Build configuration list for PBXProject "VideoTests" */ = {
			isa = XCConfigurationList;
			buildConfigurations = (
				CF5FC2DD228332B300787B38 /* Debug */,
				CF5FC2DE228332B300787B38 /* Release */,
			);
			defaultConfigurationIsVisible = 0;
			defaultConfigurationName = Release;
		};
		CF5FC2DF228332B300787B38 /* Build configuration list for PBXNativeTarget "VideoTests" */ = {
			isa = XCConfigurationList;
			buildConfigurations = (
				CF5FC2E0228332B300787B38 /* Debug */,
				CF5FC2E1228332B300787B38 /* Release */,
			);
			defaultConfigurationIsVisible = 0;
			defaultConfigurationName = Release;
		};
/* End XCConfigurationList section */
	};
	rootObject = CF5FC2C5228332B100787B38 /* Project object */;
}
